// !$*UTF8*$!
{
	archiveVersion = 1;
	classes = {
	};
	objectVersion = 46;
	objects = {

/* Begin PBXBuildFile section */
		87065EF6192F0B9C009CFCBD /* Foundation.framework in Frameworks */ = {isa = PBXBuildFile; fileRef = 87065EF5192F0B9C009CFCBD /* Foundation.framework */; };
		87065EF8192F0B9C009CFCBD /* CoreGraphics.framework in Frameworks */ = {isa = PBXBuildFile; fileRef = 87065EF7192F0B9C009CFCBD /* CoreGraphics.framework */; };
		87065EFA192F0B9C009CFCBD /* UIKit.framework in Frameworks */ = {isa = PBXBuildFile; fileRef = 87065EF9192F0B9C009CFCBD /* UIKit.framework */; };
		87065F00192F0B9C009CFCBD /* InfoPlist.strings in Resources */ = {isa = PBXBuildFile; fileRef = 87065EFE192F0B9C009CFCBD /* InfoPlist.strings */; };
		87065F02192F0B9C009CFCBD /* main.m in Sources */ = {isa = PBXBuildFile; fileRef = 87065F01192F0B9C009CFCBD /* main.m */; };
		87065F06192F0B9C009CFCBD /* LCLAppDelegate.m in Sources */ = {isa = PBXBuildFile; fileRef = 87065F05192F0B9C009CFCBD /* LCLAppDelegate.m */; };
		87065F09192F0B9C009CFCBD /* Main.storyboard in Resources */ = {isa = PBXBuildFile; fileRef = 87065F07192F0B9C009CFCBD /* Main.storyboard */; };
		87065F0C192F0B9C009CFCBD /* LCLViewController.m in Sources */ = {isa = PBXBuildFile; fileRef = 87065F0B192F0B9C009CFCBD /* LCLViewController.m */; };
		87065F0E192F0B9C009CFCBD /* Images.xcassets in Resources */ = {isa = PBXBuildFile; fileRef = 87065F0D192F0B9C009CFCBD /* Images.xcassets */; };
		87065F15192F0B9C009CFCBD /* XCTest.framework in Frameworks */ = {isa = PBXBuildFile; fileRef = 87065F14192F0B9C009CFCBD /* XCTest.framework */; };
		87065F16192F0B9C009CFCBD /* Foundation.framework in Frameworks */ = {isa = PBXBuildFile; fileRef = 87065EF5192F0B9C009CFCBD /* Foundation.framework */; };
		87065F17192F0B9C009CFCBD /* UIKit.framework in Frameworks */ = {isa = PBXBuildFile; fileRef = 87065EF9192F0B9C009CFCBD /* UIKit.framework */; };
		87065F1F192F0B9C009CFCBD /* InfoPlist.strings in Resources */ = {isa = PBXBuildFile; fileRef = 87065F1D192F0B9C009CFCBD /* InfoPlist.strings */; };
		87065F21192F0B9C009CFCBD /* ProjectEulerTests.m in Sources */ = {isa = PBXBuildFile; fileRef = 87065F20192F0B9C009CFCBD /* ProjectEulerTests.m */; };
		87065F2F192F1E84009CFCBD /* ProjectEuler.m in Sources */ = {isa = PBXBuildFile; fileRef = 87065F2E192F1E84009CFCBD /* ProjectEuler.m */; };
/* End PBXBuildFile section */

/* Begin PBXContainerItemProxy section */
		87065F18192F0B9C009CFCBD /* PBXContainerItemProxy */ = {
			isa = PBXContainerItemProxy;
			containerPortal = 87065EEA192F0B9C009CFCBD /* Project object */;
			proxyType = 1;
			remoteGlobalIDString = 87065EF1192F0B9C009CFCBD;
			remoteInfo = ProjectEuler;
		};
/* End PBXContainerItemProxy section */

/* Begin PBXFileReference section */
		87065EF2192F0B9C009CFCBD /* ProjectEuler.app */ = {isa = PBXFileReference; explicitFileType = wrapper.application; includeInIndex = 0; path = ProjectEuler.app; sourceTree = BUILT_PRODUCTS_DIR; };
		87065EF5192F0B9C009CFCBD /* Foundation.framework */ = {isa = PBXFileReference; lastKnownFileType = wrapper.framework; name = Foundation.framework; path = System/Library/Frameworks/Foundation.framework; sourceTree = SDKROOT; };
		87065EF7192F0B9C009CFCBD /* CoreGraphics.framework */ = {isa = PBXFileReference; lastKnownFileType = wrapper.framework; name = CoreGraphics.framework; path = System/Library/Frameworks/CoreGraphics.framework; sourceTree = SDKROOT; };
		87065EF9192F0B9C009CFCBD /* UIKit.framework */ = {isa = PBXFileReference; lastKnownFileType = wrapper.framework; name = UIKit.framework; path = System/Library/Frameworks/UIKit.framework; sourceTree = SDKROOT; };
		87065EFD192F0B9C009CFCBD /* ProjectEuler-Info.plist */ = {isa = PBXFileReference; lastKnownFileType = text.plist.xml; path = "ProjectEuler-Info.plist"; sourceTree = "<group>"; };
		87065EFF192F0B9C009CFCBD /* en */ = {isa = PBXFileReference; lastKnownFileType = text.plist.strings; name = en; path = en.lproj/InfoPlist.strings; sourceTree = "<group>"; };
		87065F01192F0B9C009CFCBD /* main.m */ = {isa = PBXFileReference; lastKnownFileType = sourcecode.c.objc; path = main.m; sourceTree = "<group>"; };
		87065F03192F0B9C009CFCBD /* ProjectEuler-Prefix.pch */ = {isa = PBXFileReference; lastKnownFileType = sourcecode.c.h; path = "ProjectEuler-Prefix.pch"; sourceTree = "<group>"; };
		87065F04192F0B9C009CFCBD /* LCLAppDelegate.h */ = {isa = PBXFileReference; lastKnownFileType = sourcecode.c.h; path = LCLAppDelegate.h; sourceTree = "<group>"; };
		87065F05192F0B9C009CFCBD /* LCLAppDelegate.m */ = {isa = PBXFileReference; lastKnownFileType = sourcecode.c.objc; path = LCLAppDelegate.m; sourceTree = "<group>"; };
		87065F08192F0B9C009CFCBD /* Base */ = {isa = PBXFileReference; lastKnownFileType = file.storyboard; name = Base; path = Base.lproj/Main.storyboard; sourceTree = "<group>"; };
		87065F0A192F0B9C009CFCBD /* LCLViewController.h */ = {isa = PBXFileReference; lastKnownFileType = sourcecode.c.h; path = LCLViewController.h; sourceTree = "<group>"; };
		87065F0B192F0B9C009CFCBD /* LCLViewController.m */ = {isa = PBXFileReference; lastKnownFileType = sourcecode.c.objc; path = LCLViewController.m; sourceTree = "<group>"; };
		87065F0D192F0B9C009CFCBD /* Images.xcassets */ = {isa = PBXFileReference; lastKnownFileType = folder.assetcatalog; path = Images.xcassets; sourceTree = "<group>"; };
		87065F13192F0B9C009CFCBD /* ProjectEulerTests.xctest */ = {isa = PBXFileReference; explicitFileType = wrapper.cfbundle; includeInIndex = 0; path = ProjectEulerTests.xctest; sourceTree = BUILT_PRODUCTS_DIR; };
		87065F14192F0B9C009CFCBD /* XCTest.framework */ = {isa = PBXFileReference; lastKnownFileType = wrapper.framework; name = XCTest.framework; path = Library/Frameworks/XCTest.framework; sourceTree = DEVELOPER_DIR; };
		87065F1C192F0B9C009CFCBD /* ProjectEulerTests-Info.plist */ = {isa = PBXFileReference; lastKnownFileType = text.plist.xml; path = "ProjectEulerTests-Info.plist"; sourceTree = "<group>"; };
		87065F1E192F0B9C009CFCBD /* en */ = {isa = PBXFileReference; lastKnownFileType = text.plist.strings; name = en; path = en.lproj/InfoPlist.strings; sourceTree = "<group>"; };
		87065F20192F0B9C009CFCBD /* ProjectEulerTests.m */ = {isa = PBXFileReference; lastKnownFileType = sourcecode.c.objc; path = ProjectEulerTests.m; sourceTree = "<group>"; };
		87065F2D192F1E84009CFCBD /* ProjectEuler.h */ = {isa = PBXFileReference; fileEncoding = 4; lastKnownFileType = sourcecode.c.h; path = ProjectEuler.h; sourceTree = "<group>"; };
		87065F2E192F1E84009CFCBD /* ProjectEuler.m */ = {isa = PBXFileReference; fileEncoding = 4; lastKnownFileType = sourcecode.c.objc; path = ProjectEuler.m; sourceTree = "<group>"; };
/* End PBXFileReference section */

/* Begin PBXFrameworksBuildPhase section */
		87065EEF192F0B9C009CFCBD /* Frameworks */ = {
			isa = PBXFrameworksBuildPhase;
			buildActionMask = 2147483647;
			files = (
				87065EF8192F0B9C009CFCBD /* CoreGraphics.framework in Frameworks */,
				87065EFA192F0B9C009CFCBD /* UIKit.framework in Frameworks */,
				87065EF6192F0B9C009CFCBD /* Foundation.framework in Frameworks */,
			);
			runOnlyForDeploymentPostprocessing = 0;
		};
		87065F10192F0B9C009CFCBD /* Frameworks */ = {
			isa = PBXFrameworksBuildPhase;
			buildActionMask = 2147483647;
			files = (
				87065F15192F0B9C009CFCBD /* XCTest.framework in Frameworks */,
				87065F17192F0B9C009CFCBD /* UIKit.framework in Frameworks */,
				87065F16192F0B9C009CFCBD /* Foundation.framework in Frameworks */,
			);
			runOnlyForDeploymentPostprocessing = 0;
		};
/* End PBXFrameworksBuildPhase section */

/* Begin PBXGroup section */
		87065EE9192F0B9C009CFCBD = {
			isa = PBXGroup;
			children = (
				87065EFB192F0B9C009CFCBD /* ProjectEuler */,
				87065F1A192F0B9C009CFCBD /* ProjectEulerTests */,
				87065EF4192F0B9C009CFCBD /* Frameworks */,
				87065EF3192F0B9C009CFCBD /* Products */,
			);
			sourceTree = "<group>";
		};
		87065EF3192F0B9C009CFCBD /* Products */ = {
			isa = PBXGroup;
			children = (
				87065EF2192F0B9C009CFCBD /* ProjectEuler.app */,
				87065F13192F0B9C009CFCBD /* ProjectEulerTests.xctest */,
			);
			name = Products;
			sourceTree = "<group>";
		};
		87065EF4192F0B9C009CFCBD /* Frameworks */ = {
			isa = PBXGroup;
			children = (
				87065EF5192F0B9C009CFCBD /* Foundation.framework */,
				87065EF7192F0B9C009CFCBD /* CoreGraphics.framework */,
				87065EF9192F0B9C009CFCBD /* UIKit.framework */,
				87065F14192F0B9C009CFCBD /* XCTest.framework */,
			);
			name = Frameworks;
			sourceTree = "<group>";
		};
		87065EFB192F0B9C009CFCBD /* ProjectEuler */ = {
			isa = PBXGroup;
			children = (
				87065F04192F0B9C009CFCBD /* LCLAppDelegate.h */,
				87065F05192F0B9C009CFCBD /* LCLAppDelegate.m */,
				87065F30192F1E92009CFCBD /* Models */,
				87065F07192F0B9C009CFCBD /* Main.storyboard */,
				87065F0A192F0B9C009CFCBD /* LCLViewController.h */,
				87065F0B192F0B9C009CFCBD /* LCLViewController.m */,
				87065F0D192F0B9C009CFCBD /* Images.xcassets */,
				87065EFC192F0B9C009CFCBD /* Supporting Files */,
			);
			path = ProjectEuler;
			sourceTree = "<group>";
		};
		87065EFC192F0B9C009CFCBD /* Supporting Files */ = {
			isa = PBXGroup;
			children = (
				87065EFD192F0B9C009CFCBD /* ProjectEuler-Info.plist */,
				87065EFE192F0B9C009CFCBD /* InfoPlist.strings */,
				87065F01192F0B9C009CFCBD /* main.m */,
				87065F03192F0B9C009CFCBD /* ProjectEuler-Prefix.pch */,
			);
			name = "Supporting Files";
			sourceTree = "<group>";
		};
		87065F1A192F0B9C009CFCBD /* ProjectEulerTests */ = {
			isa = PBXGroup;
			children = (
				87065F20192F0B9C009CFCBD /* ProjectEulerTests.m */,
				87065F1B192F0B9C009CFCBD /* Supporting Files */,
			);
			path = ProjectEulerTests;
			sourceTree = "<group>";
		};
		87065F1B192F0B9C009CFCBD /* Supporting Files */ = {
			isa = PBXGroup;
			children = (
				87065F1C192F0B9C009CFCBD /* ProjectEulerTests-Info.plist */,
				87065F1D192F0B9C009CFCBD /* InfoPlist.strings */,
			);
			name = "Supporting Files";
			sourceTree = "<group>";
		};
		87065F30192F1E92009CFCBD /* Models */ = {
			isa = PBXGroup;
			children = (
				87065F2D192F1E84009CFCBD /* ProjectEuler.h */,
				87065F2E192F1E84009CFCBD /* ProjectEuler.m */,
			);
			name = Models;
			sourceTree = "<group>";
		};
/* End PBXGroup section */

/* Begin PBXNativeTarget section */
		87065EF1192F0B9C009CFCBD /* ProjectEuler */ = {
			isa = PBXNativeTarget;
			buildConfigurationList = 87065F24192F0B9C009CFCBD /* Build configuration list for PBXNativeTarget "ProjectEuler" */;
			buildPhases = (
				87065EEE192F0B9C009CFCBD /* Sources */,
				87065EEF192F0B9C009CFCBD /* Frameworks */,
				87065EF0192F0B9C009CFCBD /* Resources */,
			);
			buildRules = (
			);
			dependencies = (
			);
			name = ProjectEuler;
			productName = ProjectEuler;
			productReference = 87065EF2192F0B9C009CFCBD /* ProjectEuler.app */;
			productType = "com.apple.product-type.application";
		};
		87065F12192F0B9C009CFCBD /* ProjectEulerTests */ = {
			isa = PBXNativeTarget;
			buildConfigurationList = 87065F27192F0B9C009CFCBD /* Build configuration list for PBXNativeTarget "ProjectEulerTests" */;
			buildPhases = (
				87065F0F192F0B9C009CFCBD /* Sources */,
				87065F10192F0B9C009CFCBD /* Frameworks */,
				87065F11192F0B9C009CFCBD /* Resources */,
			);
			buildRules = (
			);
			dependencies = (
				87065F19192F0B9C009CFCBD /* PBXTargetDependency */,
			);
			name = ProjectEulerTests;
			productName = ProjectEulerTests;
			productReference = 87065F13192F0B9C009CFCBD /* ProjectEulerTests.xctest */;
			productType = "com.apple.product-type.bundle.unit-test";
		};
/* End PBXNativeTarget section */

/* Begin PBXProject section */
		87065EEA192F0B9C009CFCBD /* Project object */ = {
			isa = PBXProject;
			attributes = {
				CLASSPREFIX = LCL;
				LastUpgradeCheck = 0510;
				ORGANIZATIONNAME = "Leonard Li";
				TargetAttributes = {
					87065F12192F0B9C009CFCBD = {
						TestTargetID = 87065EF1192F0B9C009CFCBD;
					};
				};
			};
			buildConfigurationList = 87065EED192F0B9C009CFCBD /* Build configuration list for PBXProject "ProjectEuler" */;
			compatibilityVersion = "Xcode 3.2";
			developmentRegion = English;
			hasScannedForEncodings = 0;
			knownRegions = (
				en,
				Base,
			);
			mainGroup = 87065EE9192F0B9C009CFCBD;
			productRefGroup = 87065EF3192F0B9C009CFCBD /* Products */;
			projectDirPath = "";
			projectRoot = "";
			targets = (
				87065EF1192F0B9C009CFCBD /* ProjectEuler */,
				87065F12192F0B9C009CFCBD /* ProjectEulerTests */,
			);
		};
/* End PBXProject section */

/* Begin PBXResourcesBuildPhase section */
		87065EF0192F0B9C009CFCBD /* Resources */ = {
			isa = PBXResourcesBuildPhase;
			buildActionMask = 2147483647;
			files = (
				87065F0E192F0B9C009CFCBD /* Images.xcassets in Resources */,
				87065F00192F0B9C009CFCBD /* InfoPlist.strings in Resources */,
				87065F09192F0B9C009CFCBD /* Main.storyboard in Resources */,
			);
			runOnlyForDeploymentPostprocessing = 0;
		};
		87065F11192F0B9C009CFCBD /* Resources */ = {
			isa = PBXResourcesBuildPhase;
			buildActionMask = 2147483647;
			files = (
				87065F1F192F0B9C009CFCBD /* InfoPlist.strings in Resources */,
			);
			runOnlyForDeploymentPostprocessing = 0;
		};
/* End PBXResourcesBuildPhase section */

/* Begin PBXSourcesBuildPhase section */
		87065EEE192F0B9C009CFCBD /* Sources */ = {
			isa = PBXSourcesBuildPhase;
			buildActionMask = 2147483647;
			files = (
				87065F06192F0B9C009CFCBD /* LCLAppDelegate.m in Sources */,
				87065F2F192F1E84009CFCBD /* ProjectEuler.m in Sources */,
				87065F0C192F0B9C009CFCBD /* LCLViewController.m in Sources */,
				87065F02192F0B9C009CFCBD /* main.m in Sources */,
			);
			runOnlyForDeploymentPostprocessing = 0;
		};
		87065F0F192F0B9C009CFCBD /* Sources */ = {
			isa = PBXSourcesBuildPhase;
			buildActionMask = 2147483647;
			files = (
				87065F21192F0B9C009CFCBD /* ProjectEulerTests.m in Sources */,
			);
			runOnlyForDeploymentPostprocessing = 0;
		};
/* End PBXSourcesBuildPhase section */

/* Begin PBXTargetDependency section */
		87065F19192F0B9C009CFCBD /* PBXTargetDependency */ = {
			isa = PBXTargetDependency;
			target = 87065EF1192F0B9C009CFCBD /* ProjectEuler */;
			targetProxy = 87065F18192F0B9C009CFCBD /* PBXContainerItemProxy */;
		};
/* End PBXTargetDependency section */

/* Begin PBXVariantGroup section */
		87065EFE192F0B9C009CFCBD /* InfoPlist.strings */ = {
			isa = PBXVariantGroup;
			children = (
				87065EFF192F0B9C009CFCBD /* en */,
			);
			name = InfoPlist.strings;
			sourceTree = "<group>";
		};
		87065F07192F0B9C009CFCBD /* Main.storyboard */ = {
			isa = PBXVariantGroup;
			children = (
				87065F08192F0B9C009CFCBD /* Base */,
			);
			name = Main.storyboard;
			sourceTree = "<group>";
		};
		87065F1D192F0B9C009CFCBD /* InfoPlist.strings */ = {
			isa = PBXVariantGroup;
			children = (
				87065F1E192F0B9C009CFCBD /* en */,
			);
			name = InfoPlist.strings;
			sourceTree = "<group>";
		};
/* End PBXVariantGroup section */

/* Begin XCBuildConfiguration section */
		87065F22192F0B9C009CFCBD /* Debug */ = {
			isa = XCBuildConfiguration;
			buildSettings = {
				ALWAYS_SEARCH_USER_PATHS = NO;
				CLANG_CXX_LANGUAGE_STANDARD = "gnu++0x";
				CLANG_CXX_LIBRARY = "libc++";
				CLANG_ENABLE_MODULES = YES;
				CLANG_ENABLE_OBJC_ARC = YES;
				CLANG_WARN_BOOL_CONVERSION = YES;
				CLANG_WARN_CONSTANT_CONVERSION = YES;
				CLANG_WARN_DIRECT_OBJC_ISA_USAGE = YES_ERROR;
				CLANG_WARN_EMPTY_BODY = YES;
				CLANG_WARN_ENUM_CONVERSION = YES;
				CLANG_WARN_INT_CONVERSION = YES;
				CLANG_WARN_OBJC_ROOT_CLASS = YES_ERROR;
				CLANG_WARN__DUPLICATE_METHOD_MATCH = YES;
				"CODE_SIGN_IDENTITY[sdk=iphoneos*]" = "iPhone Developer";
				COPY_PHASE_STRIP = NO;
				GCC_C_LANGUAGE_STANDARD = gnu99;
				GCC_DYNAMIC_NO_PIC = NO;
				GCC_OPTIMIZATION_LEVEL = 0;
				GCC_PREPROCESSOR_DEFINITIONS = (
					"DEBUG=1",
					"$(inherited)",
				);
				GCC_SYMBOLS_PRIVATE_EXTERN = NO;
				GCC_WARN_64_TO_32_BIT_CONVERSION = YES;
				GCC_WARN_ABOUT_RETURN_TYPE = YES_ERROR;
				GCC_WARN_UNDECLARED_SELECTOR = YES;
				GCC_WARN_UNINITIALIZED_AUTOS = YES_AGGRESSIVE;
				GCC_WARN_UNUSED_FUNCTION = YES;
				GCC_WARN_UNUSED_VARIABLE = YES;
				IPHONEOS_DEPLOYMENT_TARGET = 7.1;
				ONLY_ACTIVE_ARCH = YES;
				SDKROOT = iphoneos;
			};
			name = Debug;
		};
		87065F23192F0B9C009CFCBD /* Release */ = {
			isa = XCBuildConfiguration;
			buildSettings = {
				ALWAYS_SEARCH_USER_PATHS = NO;
				CLANG_CXX_LANGUAGE_STANDARD = "gnu++0x";
				CLANG_CXX_LIBRARY = "libc++";
				CLANG_ENABLE_MODULES = YES;
				CLANG_ENABLE_OBJC_ARC = YES;
				CLANG_WARN_BOOL_CONVERSION = YES;
				CLANG_WARN_CONSTANT_CONVERSION = YES;
				CLANG_WARN_DIRECT_OBJC_ISA_USAGE = YES_ERROR;
				CLANG_WARN_EMPTY_BODY = YES;
				CLANG_WARN_ENUM_CONVERSION = YES;
				CLANG_WARN_INT_CONVERSION = YES;
				CLANG_WARN_OBJC_ROOT_CLASS = YES_ERROR;
				CLANG_WARN__DUPLICATE_METHOD_MATCH = YES;
				"CODE_SIGN_IDENTITY[sdk=iphoneos*]" = "iPhone Developer";
				COPY_PHASE_STRIP = YES;
				ENABLE_NS_ASSERTIONS = NO;
				GCC_C_LANGUAGE_STANDARD = gnu99;
				GCC_WARN_64_TO_32_BIT_CONVERSION = YES;
				GCC_WARN_ABOUT_RETURN_TYPE = YES_ERROR;
				GCC_WARN_UNDECLARED_SELECTOR = YES;
				GCC_WARN_UNINITIALIZED_AUTOS = YES_AGGRESSIVE;
				GCC_WARN_UNUSED_FUNCTION = YES;
				GCC_WARN_UNUSED_VARIABLE = YES;
				IPHONEOS_DEPLOYMENT_TARGET = 7.1;
				SDKROOT = iphoneos;
				VALIDATE_PRODUCT = YES;
			};
			name = Release;
		};
		87065F25192F0B9C009CFCBD /* Debug */ = {
			isa = XCBuildConfiguration;
			buildSettings = {
				ASSETCATALOG_COMPILER_APPICON_NAME = AppIcon;
				ASSETCATALOG_COMPILER_LAUNCHIMAGE_NAME = LaunchImage;
				GCC_PRECOMPILE_PREFIX_HEADER = YES;
				GCC_PREFIX_HEADER = "ProjectEuler/ProjectEuler-Prefix.pch";
				INFOPLIST_FILE = "ProjectEuler/ProjectEuler-Info.plist";
				PRODUCT_NAME = "$(TARGET_NAME)";
				WRAPPER_EXTENSION = app;
			};
			name = Debug;
		};
		87065F26192F0B9C009CFCBD /* Release */ = {
			isa = XCBuildConfiguration;
			buildSettings = {
				ASSETCATALOG_COMPILER_APPICON_NAME = AppIcon;
				ASSETCATALOG_COMPILER_LAUNCHIMAGE_NAME = LaunchImage;
				GCC_PRECOMPILE_PREFIX_HEADER = YES;
				GCC_PREFIX_HEADER = "ProjectEuler/ProjectEuler-Prefix.pch";
				INFOPLIST_FILE = "ProjectEuler/ProjectEuler-Info.plist";
				PRODUCT_NAME = "$(TARGET_NAME)";
				WRAPPER_EXTENSION = app;
			};
			name = Release;
		};
		87065F28192F0B9C009CFCBD /* Debug */ = {
			isa = XCBuildConfiguration;
			buildSettings = {
				BUNDLE_LOADER = "$(BUILT_PRODUCTS_DIR)/ProjectEuler.app/ProjectEuler";
				FRAMEWORK_SEARCH_PATHS = (
					"$(SDKROOT)/Developer/Library/Frameworks",
					"$(inherited)",
					"$(DEVELOPER_FRAMEWORKS_DIR)",
				);
				GCC_PRECOMPILE_PREFIX_HEADER = YES;
				GCC_PREFIX_HEADER = "ProjectEuler/ProjectEuler-Prefix.pch";
				GCC_PREPROCESSOR_DEFINITIONS = (
					"DEBUG=1",
					"$(inherited)",
				);
				INFOPLIST_FILE = "ProjectEulerTests/ProjectEulerTests-Info.plist";
				PRODUCT_NAME = "$(TARGET_NAME)";
				TEST_HOST = "$(BUNDLE_LOADER)";
				WRAPPER_EXTENSION = xctest;
			};
			name = Debug;
		};
		87065F29192F0B9C009CFCBD /* Release */ = {
			isa = XCBuildConfiguration;
			buildSettings = {
				BUNDLE_LOADER = "$(BUILT_PRODUCTS_DIR)/ProjectEuler.app/ProjectEuler";
				FRAMEWORK_SEARCH_PATHS = (
					"$(SDKROOT)/Developer/Library/Frameworks",
					"$(inherited)",
					"$(DEVELOPER_FRAMEWORKS_DIR)",
				);
				GCC_PRECOMPILE_PREFIX_HEADER = YES;
				GCC_PREFIX_HEADER = "ProjectEuler/ProjectEuler-Prefix.pch";
				INFOPLIST_FILE = "ProjectEulerTests/ProjectEulerTests-Info.plist";
				PRODUCT_NAME = "$(TARGET_NAME)";
				TEST_HOST = "$(BUNDLE_LOADER)";
				WRAPPER_EXTENSION = xctest;
			};
			name = Release;
		};
/* End XCBuildConfiguration section */

/* Begin XCConfigurationList section */
		87065EED192F0B9C009CFCBD /* Build configuration list for PBXProject "ProjectEuler" */ = {
			isa = XCConfigurationList;
			buildConfigurations = (
				87065F22192F0B9C009CFCBD /* Debug */,
				87065F23192F0B9C009CFCBD /* Release */,
			);
			defaultConfigurationIsVisible = 0;
			defaultConfigurationName = Release;
		};
		87065F24192F0B9C009CFCBD /* Build configuration list for PBXNativeTarget "ProjectEuler" */ = {
			isa = XCConfigurationList;
			buildConfigurations = (
				87065F25192F0B9C009CFCBD /* Debug */,
				87065F26192F0B9C009CFCBD /* Release */,
			);
			defaultConfigurationIsVisible = 0;
		};
		87065F27192F0B9C009CFCBD /* Build configuration list for PBXNativeTarget "ProjectEulerTests" */ = {
			isa = XCConfigurationList;
			buildConfigurations = (
				87065F28192F0B9C009CFCBD /* Debug */,
				87065F29192F0B9C009CFCBD /* Release */,
			);
			defaultConfigurationIsVisible = 0;
		};
/* End XCConfigurationList section */
	};
	rootObject = 87065EEA192F0B9C009CFCBD /* Project object */;
}
